
Microsoft Visual Studio Solution File, Format Version 12.00
# Visual Studio 15
VisualStudioVersion = 15.0.28307.421
MinimumVisualStudioVersion = 10.0.40219.1
Project("{FAE04EC0-301F-11D3-BF4B-00C04F79EFBC}") = "SentimentAnalysis", "SentimentAnalysis\SentimentAnalysis.csproj", "{D86405DE-B72C-4E8A-88D8-E3FDFCAF7998}"
EndProject
Global
	GlobalSection(SolutionConfigurationPlatforms) = preSolution
		Debug|Any CPU = Debug|Any CPU
		Release|Any CPU = Release|Any CPU
	EndGlobalSection
	GlobalSection(ProjectConfigurationPlatforms) = postSolution
		{D86405DE-B72C-4E8A-88D8-E3FDFCAF7998}.Debug|Any CPU.ActiveCfg = Debug|Any CPU
		{D86405DE-B72C-4E8A-88D8-E3FDFCAF7998}.Debug|Any CPU.Build.0 = Debug|Any CPU
		{D86405DE-B72C-4E8A-88D8-E3FDFCAF7998}.Release|Any CPU.ActiveCfg = Release|Any CPU
		{D86405DE-B72C-4E8A-88D8-E3FDFCAF7998}.Release|Any CPU.Build.0 = Release|Any CPU
	EndGlobalSection
	GlobalSection(SolutionProperties) = preSolution
		HideSolutionNode = FALSE
	EndGlobalSection
	GlobalSection(ExtensibilityGlobals) = postSolution
		SolutionGuid = {08FA51D8-0B9A-45C3-A335-86DAB09B9C9D}
	EndGlobalSection
EndGlobal
